
Microsoft Visual Studio Solution File, Format Version 12.00
# Visual Studio Version 17
VisualStudioVersion = 17.9.34728.123
MinimumVisualStudioVersion = 10.0.40219.1
Project("{8BC9CEB8-8B4A-11D0-8D11-00A0C91BC942}") = "DAY1", "DAY1.vcxproj", "{000DBB90-D6C4-4F6C-A5A3-1F21C6470F7E}"
EndProject
Global
	GlobalSection(SolutionConfigurationPlatforms) = preSolution
		Debug|x64 = Debug|x64
		Debug|x86 = Debug|x86
		Release|x64 = Release|x64
		Release|x86 = Release|x86
	EndGlobalSection
	GlobalSection(ProjectConfigurationPlatforms) = postSolution
		{000DBB90-D6C4-4F6C-A5A3-1F21C6470F7E}.Debug|x64.ActiveCfg = Debug|x64
		{000DBB90-D6C4-4F6C-A5A3-1F21C6470F7E}.Debug|x64.Build.0 = Debug|x64
		{000DBB90-D6C4-4F6C-A5A3-1F21C6470F7E}.Debug|x86.ActiveCfg = Debug|Win32
		{000DBB90-D6C4-4F6C-A5A3-1F21C6470F7E}.Debug|x86.Build.0 = Debug|Win32
		{000DBB90-D6C4-4F6C-A5A3-1F21C6470F7E}.Release|x64.ActiveCfg = Release|x64
		{000DBB90-D6C4-4F6C-A5A3-1F21C6470F7E}.Release|x64.Build.0 = Release|x64
		{000DBB90-D6C4-4F6C-A5A3-1F21C6470F7E}.Release|x86.ActiveCfg = Release|Win32
		{000DBB90-D6C4-4F6C-A5A3-1F21C6470F7E}.Release|x86.Build.0 = Release|Win32
	EndGlobalSection
	GlobalSection(SolutionProperties) = preSolution
		HideSolutionNode = FALSE
	EndGlobalSection
	GlobalSection(ExtensibilityGlobals) = postSolution
		SolutionGuid = {252C7A8E-5467-448A-B63B-32538B28E364}
	EndGlobalSection
EndGlobal
