<?xml version="1.0" encoding="utf-8"?>
<Project ToolsVersion="4.0" xmlns="http://schemas.microsoft.com/developer/msbuild/2003">
  <ItemGroup>
    <Filter Include="소스 파일">
      <UniqueIdentifier>{4FC737F1-C7A5-4376-A066-2A32D752A2FF}</UniqueIdentifier>
      <Extensions>cpp;c;cc;cxx;c++;cppm;ixx;def;odl;idl;hpj;bat;asm;asmx</Extensions>
    </Filter>
    <Filter Include="헤더 파일">
      <UniqueIdentifier>{93995380-89BD-4b04-88EB-625FBE52EBFB}</UniqueIdentifier>
      <Extensions>h;hh;hpp;hxx;h++;hm;inl;inc;ipp;xsd</Extensions>
    </Filter>
    <Filter Include="리소스 파일">
      <UniqueIdentifier>{67DA6AB6-F800-4c08-8B7A-83BB121AAD01}</UniqueIdentifier>
      <Extensions>rc;ico;cur;bmp;dlg;rc2;rct;bin;rgs;gif;jpg;jpeg;jpe;resx;tiff;tif;png;wav;mfcribbon-ms</Extensions>
    </Filter>
  </ItemGroup>
  <ItemGroup>
    <ClCompile Include="2_RemoteProxy1.cpp">
      <Filter>소스 파일</Filter>
    </ClCompile>
    <ClCompile Include="2_RemoteProxy2.cpp">
      <Filter>소스 파일</Filter>
    </ClCompile>
    <ClCompile Include="2_RemoteProxy3.cpp">
      <Filter>소스 파일</Filter>
    </ClCompile>
    <ClCompile Include="2_RemoteProxy4.cpp">
      <Filter>소스 파일</Filter>
    </ClCompile>
    <ClCompile Include="2_RemoteProxy5.cpp">
      <Filter>소스 파일</Filter>
    </ClCompile>
    <ClCompile Include="2_RemoteProxy6.cpp">
      <Filter>소스 파일</Filter>
    </ClCompile>
    <ClCompile Include="2_RemoteProxy7.cpp">
      <Filter>소스 파일</Filter>
    </ClCompile>
    <ClCompile Include="3_facade1.cpp">
      <Filter>소스 파일</Filter>
    </ClCompile>
    <ClCompile Include="3_facade2.cpp">
      <Filter>소스 파일</Filter>
    </ClCompile>
    <ClCompile Include="3_facade3.cpp">
      <Filter>소스 파일</Filter>
    </ClCompile>
    <ClCompile Include="4_Bridge1.cpp">
      <Filter>소스 파일</Filter>
    </ClCompile>
    <ClCompile Include="4_Bridge2.cpp">
      <Filter>소스 파일</Filter>
    </ClCompile>
    <ClCompile Include="4_Bridge3.cpp">
      <Filter>소스 파일</Filter>
    </ClCompile>
    <ClCompile Include="6_싱글톤1.cpp">
      <Filter>소스 파일</Filter>
    </ClCompile>
    <ClCompile Include="6_싱글톤2.cpp">
      <Filter>소스 파일</Filter>
    </ClCompile>
    <ClCompile Include="6_싱글톤3.cpp">
      <Filter>소스 파일</Filter>
    </ClCompile>
    <ClCompile Include="6_싱글톤4.cpp">
      <Filter>소스 파일</Filter>
    </ClCompile>
    <ClCompile Include="6_싱글톤5.cpp">
      <Filter>소스 파일</Filter>
    </ClCompile>
    <ClCompile Include="6_싱글톤6.cpp">
      <Filter>소스 파일</Filter>
    </ClCompile>
    <ClCompile Include="7_Flyweight.cpp">
      <Filter>소스 파일</Filter>
    </ClCompile>
    <ClCompile Include="7_Flyweight2.cpp">
      <Filter>소스 파일</Filter>
    </ClCompile>
    <ClCompile Include="7_Flyweight3.cpp">
      <Filter>소스 파일</Filter>
    </ClCompile>
    <ClCompile Include="5_command1.cpp">
      <Filter>소스 파일</Filter>
    </ClCompile>
    <ClCompile Include="5_command2.cpp">
      <Filter>소스 파일</Filter>
    </ClCompile>
    <ClCompile Include="5_command3.cpp">
      <Filter>소스 파일</Filter>
    </ClCompile>
    <ClCompile Include="5_command4.cpp">
      <Filter>소스 파일</Filter>
    </ClCompile>
    <ClCompile Include="5_command5.cpp">
      <Filter>소스 파일</Filter>
    </ClCompile>
    <ClCompile Include="1_Proxy1.cpp">
      <Filter>소스 파일</Filter>
    </ClCompile>
    <ClCompile Include="1_Proxy2.cpp">
      <Filter>소스 파일</Filter>
    </ClCompile>
  </ItemGroup>
  <ItemGroup>
    <ClInclude Include="monitor.h">
      <Filter>소스 파일</Filter>
    </ClInclude>
    <ClInclude Include="cppmaster.h">
      <Filter>소스 파일</Filter>
    </ClInclude>
  </ItemGroup>
</Project>